// !$*UTF8*$!
{
	archiveVersion = 1;
	classes = {
	};
	objectVersion = 77;
	objects = {

/* Begin PBXBuildFile section */
		CB3FB8DF2F08BA3400334921 /* PurchasesHybridCommon in Frameworks */ = {isa = PBXBuildFile; productRef = CB3FB8DE2F08BA3400334921 /* PurchasesHybridCommon */; };
		CB3FB8E12F08BA3400334921 /* PurchasesHybridCommonUI in Frameworks */ = {isa = PBXBuildFile; productRef = CB3FB8E02F08BA3400334921 /* PurchasesHybridCommonUI */; };
		CBAC93C92F09F72D005AB4B5 /* FirebaseAnalytics in Frameworks */ = {isa = PBXBuildFile; productRef = CBAC93C82F09F72D005AB4B5 /* FirebaseAnalytics */; };
		CBAC93CB2F09F72D005AB4B5 /* FirebaseAnalyticsCore in Frameworks */ = {isa = PBXBuildFile; productRef = CBAC93CA2F09F72D005AB4B5 /* FirebaseAnalyticsCore */; };
		CBAC93CD2F09F72D005AB4B5 /* FirebaseAnalyticsIdentitySupport in Frameworks */ = {isa = PBXBuildFile; productRef = CBAC93CC2F09F72D005AB4B5 /* FirebaseAnalyticsIdentitySupport */; };
		CBAC93CF2F09F72D005AB4B5 /* FirebaseAppCheck in Frameworks */ = {isa = PBXBuildFile; productRef = CBAC93CE2F09F72D005AB4B5 /* FirebaseAppCheck */; };
		CBAC93D12F09F72D005AB4B5 /* FirebaseAppDistribution-Beta in Frameworks */ = {isa = PBXBuildFile; productRef = CBAC93D02F09F72D005AB4B5 /* FirebaseAppDistribution-Beta */; };
		CBAC93D32F09F72D005AB4B5 /* FirebaseCore in Frameworks */ = {isa = PBXBuildFile; productRef = CBAC93D22F09F72D005AB4B5 /* FirebaseCore */; };
		CBAC93D52F09F72D005AB4B5 /* FirebaseCrashlytics in Frameworks */ = {isa = PBXBuildFile; productRef = CBAC93D42F09F72D005AB4B5 /* FirebaseCrashlytics */; };
		CBAC93D72F09F72D005AB4B5 /* FirebasePerformance in Frameworks */ = {isa = PBXBuildFile; productRef = CBAC93D62F09F72D005AB4B5 /* FirebasePerformance */; };
		CBAC93D92F09F72D005AB4B5 /* FirebaseRemoteConfig in Frameworks */ = {isa = PBXBuildFile; productRef = CBAC93D82F09F72D005AB4B5 /* FirebaseRemoteConfig */; };
/* End PBXBuildFile section */

/* Begin PBXFileReference section */
		7EDE84642348A1E60E5BAA36 /* BiblePlanner.app */ = {isa = PBXFileReference; explicitFileType = wrapper.application; includeInIndex = 0; path = BiblePlanner.app; sourceTree = BUILT_PRODUCTS_DIR; };
/* End PBXFileReference section */

/* Begin PBXFileSystemSynchronizedBuildFileExceptionSet section */
		97E480D12186BEE098B27E6D /* Exceptions for "iosApp" folder in "iosApp" target */ = {
			isa = PBXFileSystemSynchronizedBuildFileExceptionSet;
			membershipExceptions = (
				Info.plist,
			);
			target = 56840B38DE147884B99A2817 /* iosApp */;
		};
/* End PBXFileSystemSynchronizedBuildFileExceptionSet section */

/* Begin PBXFileSystemSynchronizedRootGroup section */
		5ADBA85AB86E0293A3FB601F /* Configuration */ = {
			isa = PBXFileSystemSynchronizedRootGroup;
			path = Configuration;
			sourceTree = "<group>";
		};
		81EF5F9566A19BB28725937C /* iosApp */ = {
			isa = PBXFileSystemSynchronizedRootGroup;
			exceptions = (
				97E480D12186BEE098B27E6D /* Exceptions for "iosApp" folder in "iosApp" target */,
			);
			path = iosApp;
			sourceTree = "<group>";
		};
/* End PBXFileSystemSynchronizedRootGroup section */

/* Begin PBXFrameworksBuildPhase section */
		CE11CC1C73696E55F7B5242E /* Frameworks */ = {
			isa = PBXFrameworksBuildPhase;
			buildActionMask = 2147483647;
			files = (
				CBAC93D92F09F72D005AB4B5 /* FirebaseRemoteConfig in Frameworks */,
				CBAC93D12F09F72D005AB4B5 /* FirebaseAppDistribution-Beta in Frameworks */,
				CB3FB8E12F08BA3400334921 /* PurchasesHybridCommonUI in Frameworks */,
				CBAC93D72F09F72D005AB4B5 /* FirebasePerformance in Frameworks */,
				CBAC93CD2F09F72D005AB4B5 /* FirebaseAnalyticsIdentitySupport in Frameworks */,
				CB3FB8DF2F08BA3400334921 /* PurchasesHybridCommon in Frameworks */,
				CBAC93C92F09F72D005AB4B5 /* FirebaseAnalytics in Frameworks */,
				CBAC93CF2F09F72D005AB4B5 /* FirebaseAppCheck in Frameworks */,
				CBAC93D52F09F72D005AB4B5 /* FirebaseCrashlytics in Frameworks */,
				CBAC93D32F09F72D005AB4B5 /* FirebaseCore in Frameworks */,
				CBAC93CB2F09F72D005AB4B5 /* FirebaseAnalyticsCore in Frameworks */,
			);
			runOnlyForDeploymentPostprocessing = 0;
		};
/* End PBXFrameworksBuildPhase section */

/* Begin PBXGroup section */
		09D6A778CFF1EFA38CC9DCF5 = {
			isa = PBXGroup;
			children = (
				5ADBA85AB86E0293A3FB601F /* Configuration */,
				81EF5F9566A19BB28725937C /* iosApp */,
				60DAEEE332E57B6736AFBE21 /* Products */,
			);
			sourceTree = "<group>";
		};
		60DAEEE332E57B6736AFBE21 /* Products */ = {
			isa = PBXGroup;
			children = (
				7EDE84642348A1E60E5BAA36 /* BiblePlanner.app */,
			);
			name = Products;
			sourceTree = "<group>";
		};
/* End PBXGroup section */

/* Begin PBXNativeTarget section */
		56840B38DE147884B99A2817 /* iosApp */ = {
			isa = PBXNativeTarget;
			buildConfigurationList = 5A831E30170820C53CC6C3F8 /* Build configuration list for PBXNativeTarget "iosApp" */;
			buildPhases = (
				E7E20B1C6BE28804152E7543 /* Compile Kotlin Framework */,
				5EB1D6F33B3309E6BA8C6391 /* Sources */,
				CE11CC1C73696E55F7B5242E /* Frameworks */,
				BAAB7040C3404B8E1A7CC3DB /* Resources */,
			);
			buildRules = (
			);
			dependencies = (
			);
			fileSystemSynchronizedGroups = (
				81EF5F9566A19BB28725937C /* iosApp */,
			);
			name = iosApp;
			packageProductDependencies = (
				CB3FB8DE2F08BA3400334921 /* PurchasesHybridCommon */,
				CB3FB8E02F08BA3400334921 /* PurchasesHybridCommonUI */,
				CBAC93C82F09F72D005AB4B5 /* FirebaseAnalytics */,
				CBAC93CA2F09F72D005AB4B5 /* FirebaseAnalyticsCore */,
				CBAC93CC2F09F72D005AB4B5 /* FirebaseAnalyticsIdentitySupport */,
				CBAC93CE2F09F72D005AB4B5 /* FirebaseAppCheck */,
				CBAC93D02F09F72D005AB4B5 /* FirebaseAppDistribution-Beta */,
				CBAC93D22F09F72D005AB4B5 /* FirebaseCore */,
				CBAC93D42F09F72D005AB4B5 /* FirebaseCrashlytics */,
				CBAC93D62F09F72D005AB4B5 /* FirebasePerformance */,
				CBAC93D82F09F72D005AB4B5 /* FirebaseRemoteConfig */,
			);
			productName = iosApp;
			productReference = 7EDE84642348A1E60E5BAA36 /* BiblePlanner.app */;
			productType = "com.apple.product-type.application";
		};
/* End PBXNativeTarget section */

/* Begin PBXProject section */
		8B42730B58F3367CF457C9F9 /* Project object */ = {
			isa = PBXProject;
			attributes = {
				BuildIndependentTargetsInParallel = 1;
				LastSwiftUpdateCheck = 1620;
				LastUpgradeCheck = 1620;
				TargetAttributes = {
					56840B38DE147884B99A2817 = {
						CreatedOnToolsVersion = 16.2;
					};
				};
			};
			buildConfigurationList = 5F001CDADDA84D9845EB81A4 /* Build configuration list for PBXProject "iosApp" */;
			developmentRegion = en;
			hasScannedForEncodings = 0;
			knownRegions = (
				en,
				Base,
				es,
				"pt-BR",
			);
			mainGroup = 09D6A778CFF1EFA38CC9DCF5;
			minimizedProjectReferenceProxies = 1;
			packageReferences = (
				CB3FB8DD2F08BA3400334921 /* XCRemoteSwiftPackageReference "purchases-hybrid-common" */,
				CBAC93C72F09F72D005AB4B5 /* XCRemoteSwiftPackageReference "firebase-ios-sdk" */,
			);
			preferredProjectObjectVersion = 77;
			productRefGroup = 60DAEEE332E57B6736AFBE21 /* Products */;
			projectDirPath = "";
			projectRoot = "";
			targets = (
				56840B38DE147884B99A2817 /* iosApp */,
			);
		};
/* End PBXProject section */

/* Begin PBXResourcesBuildPhase section */
		BAAB7040C3404B8E1A7CC3DB /* Resources */ = {
			isa = PBXResourcesBuildPhase;
			buildActionMask = 2147483647;
			files = (
			);
			runOnlyForDeploymentPostprocessing = 0;
		};
/* End PBXResourcesBuildPhase section */

/* Begin PBXShellScriptBuildPhase section */
		E7E20B1C6BE28804152E7543 /* Compile Kotlin Framework */ = {
			isa = PBXShellScriptBuildPhase;
			alwaysOutOfDate = 1;
			buildActionMask = 2147483647;
			files = (
			);
			inputFileListPaths = (
			);
			inputPaths = (
			);
			name = "Compile Kotlin Framework";
			outputFileListPaths = (
			);
			outputPaths = (
			);
			runOnlyForDeploymentPostprocessing = 0;
			shellPath = /bin/sh;
			shellScript = "if [ \"YES\" = \"$OVERRIDE_KOTLIN_BUILD_IDE_SUPPORTED\" ]; then\n  echo \"Skipping Gradle build task invocation due to OVERRIDE_KOTLIN_BUILD_IDE_SUPPORTED environment variable set to \\\"YES\\\"\"\n  exit 0\nfi\ncd \"$SRCROOT/..\"\n./gradlew :composeApp:embedAndSignAppleFrameworkForXcode\n";
		};
/* End PBXShellScriptBuildPhase section */

/* Begin PBXSourcesBuildPhase section */
		5EB1D6F33B3309E6BA8C6391 /* Sources */ = {
			isa = PBXSourcesBuildPhase;
			buildActionMask = 2147483647;
			files = (
			);
			runOnlyForDeploymentPostprocessing = 0;
		};
/* End PBXSourcesBuildPhase section */

/* Begin XCBuildConfiguration section */
		1409791D981BD2517BEC78BF /* Release */ = {
			isa = XCBuildConfiguration;
			baseConfigurationReferenceAnchor = 5ADBA85AB86E0293A3FB601F /* Configuration */;
			baseConfigurationReferenceRelativePath = Config.xcconfig;
			buildSettings = {
				ALWAYS_SEARCH_USER_PATHS = NO;
				ASSETCATALOG_COMPILER_GENERATE_SWIFT_ASSET_SYMBOL_EXTENSIONS = YES;
				CLANG_ANALYZER_NONNULL = YES;
				CLANG_ANALYZER_NUMBER_OBJECT_CONVERSION = YES_AGGRESSIVE;
				CLANG_CXX_LANGUAGE_STANDARD = "gnu++20";
				CLANG_ENABLE_MODULES = YES;
				CLANG_ENABLE_OBJC_ARC = YES;
				CLANG_ENABLE_OBJC_WEAK = YES;
				CLANG_WARN_BLOCK_CAPTURE_AUTORELEASING = YES;
				CLANG_WARN_BOOL_CONVERSION = YES;
				CLANG_WARN_COMMA = YES;
				CLANG_WARN_CONSTANT_CONVERSION = YES;
				CLANG_WARN_DEPRECATED_OBJC_IMPLEMENTATIONS = YES;
				CLANG_WARN_DIRECT_OBJC_ISA_USAGE = YES_ERROR;
				CLANG_WARN_DOCUMENTATION_COMMENTS = YES;
				CLANG_WARN_EMPTY_BODY = YES;
				CLANG_WARN_ENUM_CONVERSION = YES;
				CLANG_WARN_INFINITE_RECURSION = YES;
				CLANG_WARN_INT_CONVERSION = YES;
				CLANG_WARN_NON_LITERAL_NULL_CONVERSION = YES;
				CLANG_WARN_OBJC_IMPLICIT_RETAIN_SELF = YES;
				CLANG_WARN_OBJC_LITERAL_CONVERSION = YES;
				CLANG_WARN_OBJC_ROOT_CLASS = YES_ERROR;
				CLANG_WARN_QUOTED_INCLUDE_IN_FRAMEWORK_HEADER = YES;
				CLANG_WARN_RANGE_LOOP_ANALYSIS = YES;
				CLANG_WARN_STRICT_PROTOTYPES = YES;
				CLANG_WARN_SUSPICIOUS_MOVE = YES;
				CLANG_WARN_UNGUARDED_AVAILABILITY = YES_AGGRESSIVE;
				CLANG_WARN_UNREACHABLE_CODE = YES;
				CLANG_WARN__DUPLICATE_METHOD_MATCH = YES;
				COPY_PHASE_STRIP = NO;
				DEBUG_INFORMATION_FORMAT = "dwarf-with-dsym";
				ENABLE_NS_ASSERTIONS = NO;
				ENABLE_STRICT_OBJC_MSGSEND = YES;
				ENABLE_USER_SCRIPT_SANDBOXING = NO;
				GCC_C_LANGUAGE_STANDARD = gnu17;
				GCC_NO_COMMON_BLOCKS = YES;
				GCC_WARN_64_TO_32_BIT_CONVERSION = YES;
				GCC_WARN_ABOUT_RETURN_TYPE = YES_ERROR;
				GCC_WARN_UNDECLARED_SELECTOR = YES;
				GCC_WARN_UNINITIALIZED_AUTOS = YES_AGGRESSIVE;
				GCC_WARN_UNUSED_FUNCTION = YES;
				GCC_WARN_UNUSED_VARIABLE = YES;
				IPHONEOS_DEPLOYMENT_TARGET = 18.2;
				LOCALIZATION_PREFERS_STRING_CATALOGS = YES;
				MTL_ENABLE_DEBUG_INFO = NO;
				MTL_FAST_MATH = YES;
				SDKROOT = iphoneos;
				SWIFT_COMPILATION_MODE = wholemodule;
				VALIDATE_PRODUCT = YES;
			};
			name = Release;
		};
		26F7D2CF2686B6E24FC61687 /* Release */ = {
			isa = XCBuildConfiguration;
			buildSettings = {
				ARCHS = arm64;
				ASSETCATALOG_COMPILER_APPICON_NAME = AppIcon;
				ASSETCATALOG_COMPILER_GLOBAL_ACCENT_COLOR_NAME = AccentColor;
				CODE_SIGN_IDENTITY = "Apple Development";
				CODE_SIGN_STYLE = Automatic;
				DEVELOPMENT_ASSET_PATHS = "\"iosApp/Preview Content\"";
				DEVELOPMENT_TEAM = TTV2A365LG;
				ENABLE_PREVIEWS = YES;
				GENERATE_INFOPLIST_FILE = YES;
				INFOPLIST_FILE = iosApp/Info.plist;
				INFOPLIST_KEY_UIApplicationSceneManifest_Generation = YES;
				INFOPLIST_KEY_UIApplicationSupportsIndirectInputEvents = YES;
				INFOPLIST_KEY_UILaunchScreen_Generation = YES;
				INFOPLIST_KEY_UISupportedInterfaceOrientations_iPad = "UIInterfaceOrientationPortrait UIInterfaceOrientationPortraitUpsideDown UIInterfaceOrientationLandscapeLeft UIInterfaceOrientationLandscapeRight";
				INFOPLIST_KEY_UISupportedInterfaceOrientations_iPhone = "UIInterfaceOrientationPortrait UIInterfaceOrientationLandscapeLeft UIInterfaceOrientationLandscapeRight";
				LD_RUNPATH_SEARCH_PATHS = (
					"$(inherited)",
					"@executable_path/Frameworks",
				);
				SWIFT_EMIT_LOC_STRINGS = YES;
				SWIFT_VERSION = 5.0;
				TARGETED_DEVICE_FAMILY = "1,2";
			};
			name = Release;
		};
		75A73ADF2111595D5057A2A9 /* Debug */ = {
			isa = XCBuildConfiguration;
			baseConfigurationReferenceAnchor = 5ADBA85AB86E0293A3FB601F /* Configuration */;
			baseConfigurationReferenceRelativePath = Config.xcconfig;
			buildSettings = {
				ALWAYS_SEARCH_USER_PATHS = NO;
				ASSETCATALOG_COMPILER_GENERATE_SWIFT_ASSET_SYMBOL_EXTENSIONS = YES;
				CLANG_ANALYZER_NONNULL = YES;
				CLANG_ANALYZER_NUMBER_OBJECT_CONVERSION = YES_AGGRESSIVE;
				CLANG_CXX_LANGUAGE_STANDARD = "gnu++20";
				CLANG_ENABLE_MODULES = YES;
				CLANG_ENABLE_OBJC_ARC = YES;
				CLANG_ENABLE_OBJC_WEAK = YES;
				CLANG_WARN_BLOCK_CAPTURE_AUTORELEASING = YES;
				CLANG_WARN_BOOL_CONVERSION = YES;
				CLANG_WARN_COMMA = YES;
				CLANG_WARN_CONSTANT_CONVERSION = YES;
				CLANG_WARN_DEPRECATED_OBJC_IMPLEMENTATIONS = YES;
				CLANG_WARN_DIRECT_OBJC_ISA_USAGE = YES_ERROR;
				CLANG_WARN_DOCUMENTATION_COMMENTS = YES;
				CLANG_WARN_EMPTY_BODY = YES;
				CLANG_WARN_ENUM_CONVERSION = YES;
				CLANG_WARN_INFINITE_RECURSION = YES;
				CLANG_WARN_INT_CONVERSION = YES;
				CLANG_WARN_NON_LITERAL_NULL_CONVERSION = YES;
				CLANG_WARN_OBJC_IMPLICIT_RETAIN_SELF = YES;
				CLANG_WARN_OBJC_LITERAL_CONVERSION = YES;
				CLANG_WARN_OBJC_ROOT_CLASS = YES_ERROR;
				CLANG_WARN_QUOTED_INCLUDE_IN_FRAMEWORK_HEADER = YES;
				CLANG_WARN_RANGE_LOOP_ANALYSIS = YES;
				CLANG_WARN_STRICT_PROTOTYPES = YES;
				CLANG_WARN_SUSPICIOUS_MOVE = YES;
				CLANG_WARN_UNGUARDED_AVAILABILITY = YES_AGGRESSIVE;
				CLANG_WARN_UNREACHABLE_CODE = YES;
				CLANG_WARN__DUPLICATE_METHOD_MATCH = YES;
				COPY_PHASE_STRIP = NO;
				DEBUG_INFORMATION_FORMAT = dwarf;
				ENABLE_STRICT_OBJC_MSGSEND = YES;
				ENABLE_TESTABILITY = YES;
				ENABLE_USER_SCRIPT_SANDBOXING = NO;
				GCC_C_LANGUAGE_STANDARD = gnu17;
				GCC_DYNAMIC_NO_PIC = NO;
				GCC_NO_COMMON_BLOCKS = YES;
				GCC_OPTIMIZATION_LEVEL = 0;
				GCC_PREPROCESSOR_DEFINITIONS = (
					"DEBUG=1",
					"$(inherited)",
				);
				GCC_WARN_64_TO_32_BIT_CONVERSION = YES;
				GCC_WARN_ABOUT_RETURN_TYPE = YES_ERROR;
				GCC_WARN_UNDECLARED_SELECTOR = YES;
				GCC_WARN_UNINITIALIZED_AUTOS = YES_AGGRESSIVE;
				GCC_WARN_UNUSED_FUNCTION = YES;
				GCC_WARN_UNUSED_VARIABLE = YES;
				IPHONEOS_DEPLOYMENT_TARGET = 18.2;
				LOCALIZATION_PREFERS_STRING_CATALOGS = YES;
				MTL_ENABLE_DEBUG_INFO = INCLUDE_SOURCE;
				MTL_FAST_MATH = YES;
				ONLY_ACTIVE_ARCH = YES;
				SDKROOT = iphoneos;
				SWIFT_ACTIVE_COMPILATION_CONDITIONS = "DEBUG $(inherited)";
				SWIFT_OPTIMIZATION_LEVEL = "-Onone";
			};
			name = Debug;
		};
		A937A6EDA2B8A669B37B8EE0 /* Debug */ = {
			isa = XCBuildConfiguration;
			buildSettings = {
				ARCHS = arm64;
				ASSETCATALOG_COMPILER_APPICON_NAME = AppIcon;
				ASSETCATALOG_COMPILER_GLOBAL_ACCENT_COLOR_NAME = AccentColor;
				CODE_SIGN_IDENTITY = "Apple Development";
				CODE_SIGN_STYLE = Automatic;
				DEVELOPMENT_ASSET_PATHS = "\"iosApp/Preview Content\"";
				DEVELOPMENT_TEAM = TTV2A365LG;
				ENABLE_PREVIEWS = YES;
				GENERATE_INFOPLIST_FILE = YES;
				INFOPLIST_FILE = iosApp/Info.plist;
				INFOPLIST_KEY_UIApplicationSceneManifest_Generation = YES;
				INFOPLIST_KEY_UIApplicationSupportsIndirectInputEvents = YES;
				INFOPLIST_KEY_UILaunchScreen_Generation = YES;
				INFOPLIST_KEY_UISupportedInterfaceOrientations_iPad = "UIInterfaceOrientationPortrait UIInterfaceOrientationPortraitUpsideDown UIInterfaceOrientationLandscapeLeft UIInterfaceOrientationLandscapeRight";
				INFOPLIST_KEY_UISupportedInterfaceOrientations_iPhone = "UIInterfaceOrientationPortrait UIInterfaceOrientationLandscapeLeft UIInterfaceOrientationLandscapeRight";
				LD_RUNPATH_SEARCH_PATHS = (
					"$(inherited)",
					"@executable_path/Frameworks",
				);
				SWIFT_EMIT_LOC_STRINGS = YES;
				SWIFT_VERSION = 5.0;
				TARGETED_DEVICE_FAMILY = "1,2";
			};
			name = Debug;
		};
/* End XCBuildConfiguration section */

/* Begin XCConfigurationList section */
		5A831E30170820C53CC6C3F8 /* Build configuration list for PBXNativeTarget "iosApp" */ = {
			isa = XCConfigurationList;
			buildConfigurations = (
				A937A6EDA2B8A669B37B8EE0 /* Debug */,
				26F7D2CF2686B6E24FC61687 /* Release */,
			);
			defaultConfigurationIsVisible = 0;
			defaultConfigurationName = Release;
		};
		5F001CDADDA84D9845EB81A4 /* Build configuration list for PBXProject "iosApp" */ = {
			isa = XCConfigurationList;
			buildConfigurations = (
				75A73ADF2111595D5057A2A9 /* Debug */,
				1409791D981BD2517BEC78BF /* Release */,
			);
			defaultConfigurationIsVisible = 0;
			defaultConfigurationName = Release;
		};
/* End XCConfigurationList section */

/* Begin XCRemoteSwiftPackageReference section */
		CB3FB8DD2F08BA3400334921 /* XCRemoteSwiftPackageReference "purchases-hybrid-common" */ = {
			isa = XCRemoteSwiftPackageReference;
			repositoryURL = "https://github.com/RevenueCat/purchases-hybrid-common";
			requirement = {
				kind = exactVersion;
				version = 17.41.0;
			};
		};
		CBAC93C72F09F72D005AB4B5 /* XCRemoteSwiftPackageReference "firebase-ios-sdk" */ = {
			isa = XCRemoteSwiftPackageReference;
			repositoryURL = "https://github.com/firebase/firebase-ios-sdk";
			requirement = {
				kind = upToNextMajorVersion;
				minimumVersion = 12.7.0;
			};
		};
/* End XCRemoteSwiftPackageReference section */

/* Begin XCSwiftPackageProductDependency section */
		CB3FB8DE2F08BA3400334921 /* PurchasesHybridCommon */ = {
			isa = XCSwiftPackageProductDependency;
			package = CB3FB8DD2F08BA3400334921 /* XCRemoteSwiftPackageReference "purchases-hybrid-common" */;
			productName = PurchasesHybridCommon;
		};
		CB3FB8E02F08BA3400334921 /* PurchasesHybridCommonUI */ = {
			isa = XCSwiftPackageProductDependency;
			package = CB3FB8DD2F08BA3400334921 /* XCRemoteSwiftPackageReference "purchases-hybrid-common" */;
			productName = PurchasesHybridCommonUI;
		};
		CBAC93C82F09F72D005AB4B5 /* FirebaseAnalytics */ = {
			isa = XCSwiftPackageProductDependency;
			package = CBAC93C72F09F72D005AB4B5 /* XCRemoteSwiftPackageReference "firebase-ios-sdk" */;
			productName = FirebaseAnalytics;
		};
		CBAC93CA2F09F72D005AB4B5 /* FirebaseAnalyticsCore */ = {
			isa = XCSwiftPackageProductDependency;
			package = CBAC93C72F09F72D005AB4B5 /* XCRemoteSwiftPackageReference "firebase-ios-sdk" */;
			productName = FirebaseAnalyticsCore;
		};
		CBAC93CC2F09F72D005AB4B5 /* FirebaseAnalyticsIdentitySupport */ = {
			isa = XCSwiftPackageProductDependency;
			package = CBAC93C72F09F72D005AB4B5 /* XCRemoteSwiftPackageReference "firebase-ios-sdk" */;
			productName = FirebaseAnalyticsIdentitySupport;
		};
		CBAC93CE2F09F72D005AB4B5 /* FirebaseAppCheck */ = {
			isa = XCSwiftPackageProductDependency;
			package = CBAC93C72F09F72D005AB4B5 /* XCRemoteSwiftPackageReference "firebase-ios-sdk" */;
			productName = FirebaseAppCheck;
		};
		CBAC93D02F09F72D005AB4B5 /* FirebaseAppDistribution-Beta */ = {
			isa = XCSwiftPackageProductDependency;
			package = CBAC93C72F09F72D005AB4B5 /* XCRemoteSwiftPackageReference "firebase-ios-sdk" */;
			productName = "FirebaseAppDistribution-Beta";
		};
		CBAC93D22F09F72D005AB4B5 /* FirebaseCore */ = {
			isa = XCSwiftPackageProductDependency;
			package = CBAC93C72F09F72D005AB4B5 /* XCRemoteSwiftPackageReference "firebase-ios-sdk" */;
			productName = FirebaseCore;
		};
		CBAC93D42F09F72D005AB4B5 /* FirebaseCrashlytics */ = {
			isa = XCSwiftPackageProductDependency;
			package = CBAC93C72F09F72D005AB4B5 /* XCRemoteSwiftPackageReference "firebase-ios-sdk" */;
			productName = FirebaseCrashlytics;
		};
		CBAC93D62F09F72D005AB4B5 /* FirebasePerformance */ = {
			isa = XCSwiftPackageProductDependency;
			package = CBAC93C72F09F72D005AB4B5 /* XCRemoteSwiftPackageReference "firebase-ios-sdk" */;
			productName = FirebasePerformance;
		};
		CBAC93D82F09F72D005AB4B5 /* FirebaseRemoteConfig */ = {
			isa = XCSwiftPackageProductDependency;
			package = CBAC93C72F09F72D005AB4B5 /* XCRemoteSwiftPackageReference "firebase-ios-sdk" */;
			productName = FirebaseRemoteConfig;
		};
/* End XCSwiftPackageProductDependency section */
	};
	rootObject = 8B42730B58F3367CF457C9F9 /* Project object */;
}
